
Microsoft Visual Studio Solution File, Format Version 12.00
# Visual Studio Version 17
VisualStudioVersion = 17.4.33110.190
MinimumVisualStudioVersion = 10.0.40219.1
Project("{FAE04EC0-301F-11D3-BF4B-00C04F79EFBC}") = "AspNetWebApi", "AspNetWebApi.csproj", "{578E8BBF-3CFD-43B1-8882-715DD7506F59}"
EndProject
Global
	GlobalSection(SolutionConfigurationPlatforms) = preSolution
		Debug|Any CPU = Debug|Any CPU
		Release|Any CPU = Release|Any CPU
	EndGlobalSection
	GlobalSection(ProjectConfigurationPlatforms) = postSolution
		{578E8BBF-3CFD-43B1-8882-715DD7506F59}.Debug|Any CPU.ActiveCfg = Debug|Any CPU
		{578E8BBF-3CFD-43B1-8882-715DD7506F59}.Debug|Any CPU.Build.0 = Debug|Any CPU
		{578E8BBF-3CFD-43B1-8882-715DD7506F59}.Release|Any CPU.ActiveCfg = Release|Any CPU
		{578E8BBF-3CFD-43B1-8882-715DD7506F59}.Release|Any CPU.Build.0 = Release|Any CPU
	EndGlobalSection
	GlobalSection(SolutionProperties) = preSolution
		HideSolutionNode = FALSE
	EndGlobalSection
	GlobalSection(ExtensibilityGlobals) = postSolution
		SolutionGuid = {9CF2FF2D-6DF3-4E88-BF52-6FD6A3411A59}
	EndGlobalSection
EndGlobal
